
Microsoft Visual Studio Solution File, Format Version 12.00
# Visual Studio 15
VisualStudioVersion = 15.0.28307.757
MinimumVisualStudioVersion = 10.0.40219.1
Project("{FAE04EC0-301F-11D3-BF4B-00C04F79EFBC}") = "Slate_Integration_Prod", "Slate_Integration_Prod\Slate_Integration_Prod.csproj", "{968779BA-0A30-4EB4-A725-2AC7B0F33FBE}"
EndProject
Global
	GlobalSection(SolutionConfigurationPlatforms) = preSolution
		Debug|Any CPU = Debug|Any CPU
		Release|Any CPU = Release|Any CPU
	EndGlobalSection
	GlobalSection(ProjectConfigurationPlatforms) = postSolution
		{968779BA-0A30-4EB4-A725-2AC7B0F33FBE}.Debug|Any CPU.ActiveCfg = Debug|Any CPU
		{968779BA-0A30-4EB4-A725-2AC7B0F33FBE}.Debug|Any CPU.Build.0 = Debug|Any CPU
		{968779BA-0A30-4EB4-A725-2AC7B0F33FBE}.Release|Any CPU.ActiveCfg = Release|Any CPU
		{968779BA-0A30-4EB4-A725-2AC7B0F33FBE}.Release|Any CPU.Build.0 = Release|Any CPU
	EndGlobalSection
	GlobalSection(SolutionProperties) = preSolution
		HideSolutionNode = FALSE
	EndGlobalSection
	GlobalSection(ExtensibilityGlobals) = postSolution
		SolutionGuid = {08579C3F-FC7D-4120-AB95-1CD107CFEE95}
	EndGlobalSection
EndGlobal
